// !$*UTF8*$!
{
	archiveVersion = 1;
	classes = {
	};
	objectVersion = 52;
	objects = {

/* Begin PBXBuildFile section */
		8413F8AE2589FC1800ADA359 /* AppDelegate.swift in Sources */ = {isa = PBXBuildFile; fileRef = 8413F8AD2589FC1800ADA359 /* AppDelegate.swift */; };
		8413F8B02589FC1800ADA359 /* ViewController.swift in Sources */ = {isa = PBXBuildFile; fileRef = 8413F8AF2589FC1800ADA359 /* ViewController.swift */; };
		8413F8B22589FC1900ADA359 /* Assets.xcassets in Resources */ = {isa = PBXBuildFile; fileRef = 8413F8B12589FC1900ADA359 /* Assets.xcassets */; };
		8413F8B52589FC1900ADA359 /* Main.storyboard in Resources */ = {isa = PBXBuildFile; fileRef = 8413F8B32589FC1900ADA359 /* Main.storyboard */; };
		8413F8BF2589FF3500ADA359 /* BrowserViewController.swift in Sources */ = {isa = PBXBuildFile; fileRef = 8413F8BE2589FF3500ADA359 /* BrowserViewController.swift */; };
		8413F8FF258A58FE00ADA359 /* Zip in Frameworks */ = {isa = PBXBuildFile; productRef = 8413F8FE258A58FE00ADA359 /* Zip */; };
		84464C02258CDB5700F1346E /* WebViewController.swift in Sources */ = {isa = PBXBuildFile; fileRef = 84464C01258CDB5700F1346E /* WebViewController.swift */; };
		84464C05258CDDD100F1346E /* Manifest.swift in Sources */ = {isa = PBXBuildFile; fileRef = 84464C04258CDDD100F1346E /* Manifest.swift */; };
		84464C08258CE52B00F1346E /* ExtensionURLSchemeHandler.swift in Sources */ = {isa = PBXBuildFile; fileRef = 84464C07258CE52B00F1346E /* ExtensionURLSchemeHandler.swift */; };
		846C7C50258B846B00DD2170 /* PopupViewController.swift in Sources */ = {isa = PBXBuildFile; fileRef = 846C7C4F258B846B00DD2170 /* PopupViewController.swift */; };
		846C7C53258BA6F400DD2170 /* History.swift in Sources */ = {isa = PBXBuildFile; fileRef = 846C7C52258BA6F400DD2170 /* History.swift */; };
		84C1AE45258E092800522432 /* PopupWindowController.swift in Sources */ = {isa = PBXBuildFile; fileRef = 84C1AE44258E092800522432 /* PopupWindowController.swift */; };
/* End PBXBuildFile section */

/* Begin PBXFileReference section */
		8413F8AA2589FC1800ADA359 /* BrowserDevTest.app */ = {isa = PBXFileReference; explicitFileType = wrapper.application; includeInIndex = 0; path = BrowserDevTest.app; sourceTree = BUILT_PRODUCTS_DIR; };
		8413F8AD2589FC1800ADA359 /* AppDelegate.swift */ = {isa = PBXFileReference; lastKnownFileType = sourcecode.swift; path = AppDelegate.swift; sourceTree = "<group>"; };
		8413F8AF2589FC1800ADA359 /* ViewController.swift */ = {isa = PBXFileReference; lastKnownFileType = sourcecode.swift; path = ViewController.swift; sourceTree = "<group>"; };
		8413F8B12589FC1900ADA359 /* Assets.xcassets */ = {isa = PBXFileReference; lastKnownFileType = folder.assetcatalog; path = Assets.xcassets; sourceTree = "<group>"; };
		8413F8B42589FC1900ADA359 /* Base */ = {isa = PBXFileReference; lastKnownFileType = file.storyboard; name = Base; path = Base.lproj/Main.storyboard; sourceTree = "<group>"; };
		8413F8B62589FC1900ADA359 /* Info.plist */ = {isa = PBXFileReference; lastKnownFileType = text.plist.xml; path = Info.plist; sourceTree = "<group>"; };
		8413F8B72589FC1900ADA359 /* BrowserDevTest.entitlements */ = {isa = PBXFileReference; lastKnownFileType = text.plist.entitlements; path = BrowserDevTest.entitlements; sourceTree = "<group>"; };
		8413F8BE2589FF3500ADA359 /* BrowserViewController.swift */ = {isa = PBXFileReference; lastKnownFileType = sourcecode.swift; path = BrowserViewController.swift; sourceTree = "<group>"; };
		84464C01258CDB5700F1346E /* WebViewController.swift */ = {isa = PBXFileReference; lastKnownFileType = sourcecode.swift; path = WebViewController.swift; sourceTree = "<group>"; };
		84464C04258CDDD100F1346E /* Manifest.swift */ = {isa = PBXFileReference; lastKnownFileType = sourcecode.swift; path = Manifest.swift; sourceTree = "<group>"; };
		84464C07258CE52B00F1346E /* ExtensionURLSchemeHandler.swift */ = {isa = PBXFileReference; lastKnownFileType = sourcecode.swift; path = ExtensionURLSchemeHandler.swift; sourceTree = "<group>"; };
		846C7C4F258B846B00DD2170 /* PopupViewController.swift */ = {isa = PBXFileReference; lastKnownFileType = sourcecode.swift; path = PopupViewController.swift; sourceTree = "<group>"; };
		846C7C52258BA6F400DD2170 /* History.swift */ = {isa = PBXFileReference; lastKnownFileType = sourcecode.swift; path = History.swift; sourceTree = "<group>"; };
		84C1AE44258E092800522432 /* PopupWindowController.swift */ = {isa = PBXFileReference; lastKnownFileType = sourcecode.swift; path = PopupWindowController.swift; sourceTree = "<group>"; };
/* End PBXFileReference section */

/* Begin PBXFrameworksBuildPhase section */
		8413F8A72589FC1800ADA359 /* Frameworks */ = {
			isa = PBXFrameworksBuildPhase;
			buildActionMask = 2147483647;
			files = (
				8413F8FF258A58FE00ADA359 /* Zip in Frameworks */,
			);
			runOnlyForDeploymentPostprocessing = 0;
		};
/* End PBXFrameworksBuildPhase section */

/* Begin PBXGroup section */
		8413F8A12589FC1800ADA359 = {
			isa = PBXGroup;
			children = (
				8413F8AC2589FC1800ADA359 /* BrowserDevTest */,
				8413F8AB2589FC1800ADA359 /* Products */,
				84E3F24E258E13D300CEF960 /* Frameworks */,
			);
			sourceTree = "<group>";
		};
		8413F8AB2589FC1800ADA359 /* Products */ = {
			isa = PBXGroup;
			children = (
				8413F8AA2589FC1800ADA359 /* BrowserDevTest.app */,
			);
			name = Products;
			sourceTree = "<group>";
		};
		8413F8AC2589FC1800ADA359 /* BrowserDevTest */ = {
			isa = PBXGroup;
			children = (
				8413F8AD2589FC1800ADA359 /* AppDelegate.swift */,
				8413F8AF2589FC1800ADA359 /* ViewController.swift */,
				846C7C4F258B846B00DD2170 /* PopupViewController.swift */,
				8413F8B12589FC1900ADA359 /* Assets.xcassets */,
				8413F8B32589FC1900ADA359 /* Main.storyboard */,
				8413F8B62589FC1900ADA359 /* Info.plist */,
				8413F8B72589FC1900ADA359 /* BrowserDevTest.entitlements */,
				8413F8BE2589FF3500ADA359 /* BrowserViewController.swift */,
				846C7C52258BA6F400DD2170 /* History.swift */,
				84464C01258CDB5700F1346E /* WebViewController.swift */,
				84464C04258CDDD100F1346E /* Manifest.swift */,
				84464C07258CE52B00F1346E /* ExtensionURLSchemeHandler.swift */,
				84C1AE44258E092800522432 /* PopupWindowController.swift */,
			);
			path = BrowserDevTest;
			sourceTree = "<group>";
		};
		84E3F24E258E13D300CEF960 /* Frameworks */ = {
			isa = PBXGroup;
			children = (
			);
			name = Frameworks;
			sourceTree = "<group>";
		};
/* End PBXGroup section */

/* Begin PBXNativeTarget section */
		8413F8A92589FC1800ADA359 /* BrowserDevTest */ = {
			isa = PBXNativeTarget;
			buildConfigurationList = 8413F8BA2589FC1900ADA359 /* Build configuration list for PBXNativeTarget "BrowserDevTest" */;
			buildPhases = (
				8413F8A62589FC1800ADA359 /* Sources */,
				8413F8A72589FC1800ADA359 /* Frameworks */,
				8413F8A82589FC1800ADA359 /* Resources */,
			);
			buildRules = (
			);
			dependencies = (
			);
			name = BrowserDevTest;
			packageProductDependencies = (
				8413F8FE258A58FE00ADA359 /* Zip */,
			);
			productName = BrowserDevTest;
			productReference = 8413F8AA2589FC1800ADA359 /* BrowserDevTest.app */;
			productType = "com.apple.product-type.application";
		};
/* End PBXNativeTarget section */

/* Begin PBXProject section */
		8413F8A22589FC1800ADA359 /* Project object */ = {
			isa = PBXProject;
			attributes = {
				LastSwiftUpdateCheck = 1200;
				LastUpgradeCheck = 1200;
				TargetAttributes = {
					8413F8A92589FC1800ADA359 = {
						CreatedOnToolsVersion = 12.0.1;
					};
				};
			};
			buildConfigurationList = 8413F8A52589FC1800ADA359 /* Build configuration list for PBXProject "BrowserDevTest" */;
			compatibilityVersion = "Xcode 9.3";
			developmentRegion = en;
			hasScannedForEncodings = 0;
			knownRegions = (
				en,
				Base,
			);
			mainGroup = 8413F8A12589FC1800ADA359;
			packageReferences = (
				8413F8FD258A58FE00ADA359 /* XCRemoteSwiftPackageReference "Zip" */,
			);
			productRefGroup = 8413F8AB2589FC1800ADA359 /* Products */;
			projectDirPath = "";
			projectRoot = "";
			targets = (
				8413F8A92589FC1800ADA359 /* BrowserDevTest */,
			);
		};
/* End PBXProject section */

/* Begin PBXResourcesBuildPhase section */
		8413F8A82589FC1800ADA359 /* Resources */ = {
			isa = PBXResourcesBuildPhase;
			buildActionMask = 2147483647;
			files = (
				8413F8B22589FC1900ADA359 /* Assets.xcassets in Resources */,
				8413F8B52589FC1900ADA359 /* Main.storyboard in Resources */,
			);
			runOnlyForDeploymentPostprocessing = 0;
		};
/* End PBXResourcesBuildPhase section */

/* Begin PBXSourcesBuildPhase section */
		8413F8A62589FC1800ADA359 /* Sources */ = {
			isa = PBXSourcesBuildPhase;
			buildActionMask = 2147483647;
			files = (
				84464C05258CDDD100F1346E /* Manifest.swift in Sources */,
				8413F8B02589FC1800ADA359 /* ViewController.swift in Sources */,
				84464C02258CDB5700F1346E /* WebViewController.swift in Sources */,
				8413F8BF2589FF3500ADA359 /* BrowserViewController.swift in Sources */,
				8413F8AE2589FC1800ADA359 /* AppDelegate.swift in Sources */,
				84464C08258CE52B00F1346E /* ExtensionURLSchemeHandler.swift in Sources */,
				846C7C50258B846B00DD2170 /* PopupViewController.swift in Sources */,
				84C1AE45258E092800522432 /* PopupWindowController.swift in Sources */,
				846C7C53258BA6F400DD2170 /* History.swift in Sources */,
			);
			runOnlyForDeploymentPostprocessing = 0;
		};
/* End PBXSourcesBuildPhase section */

/* Begin PBXVariantGroup section */
		8413F8B32589FC1900ADA359 /* Main.storyboard */ = {
			isa = PBXVariantGroup;
			children = (
				8413F8B42589FC1900ADA359 /* Base */,
			);
			name = Main.storyboard;
			sourceTree = "<group>";
		};
/* End PBXVariantGroup section */

/* Begin XCBuildConfiguration section */
		8413F8B82589FC1900ADA359 /* Debug */ = {
			isa = XCBuildConfiguration;
			buildSettings = {
				ALWAYS_SEARCH_USER_PATHS = NO;
				CLANG_ANALYZER_NONNULL = YES;
				CLANG_ANALYZER_NUMBER_OBJECT_CONVERSION = YES_AGGRESSIVE;
				CLANG_CXX_LANGUAGE_STANDARD = "gnu++14";
				CLANG_CXX_LIBRARY = "libc++";
				CLANG_ENABLE_MODULES = YES;
				CLANG_ENABLE_OBJC_ARC = YES;
				CLANG_ENABLE_OBJC_WEAK = YES;
				CLANG_WARN_BLOCK_CAPTURE_AUTORELEASING = YES;
				CLANG_WARN_BOOL_CONVERSION = YES;
				CLANG_WARN_COMMA = YES;
				CLANG_WARN_CONSTANT_CONVERSION = YES;
				CLANG_WARN_DEPRECATED_OBJC_IMPLEMENTATIONS = YES;
				CLANG_WARN_DIRECT_OBJC_ISA_USAGE = YES_ERROR;
				CLANG_WARN_DOCUMENTATION_COMMENTS = YES;
				CLANG_WARN_EMPTY_BODY = YES;
				CLANG_WARN_ENUM_CONVERSION = YES;
				CLANG_WARN_INFINITE_RECURSION = YES;
				CLANG_WARN_INT_CONVERSION = YES;
				CLANG_WARN_NON_LITERAL_NULL_CONVERSION = YES;
				CLANG_WARN_OBJC_IMPLICIT_RETAIN_SELF = YES;
				CLANG_WARN_OBJC_LITERAL_CONVERSION = YES;
				CLANG_WARN_OBJC_ROOT_CLASS = YES_ERROR;
				CLANG_WARN_QUOTED_INCLUDE_IN_FRAMEWORK_HEADER = YES;
				CLANG_WARN_RANGE_LOOP_ANALYSIS = YES;
				CLANG_WARN_STRICT_PROTOTYPES = YES;
				CLANG_WARN_SUSPICIOUS_MOVE = YES;
				CLANG_WARN_UNGUARDED_AVAILABILITY = YES_AGGRESSIVE;
				CLANG_WARN_UNREACHABLE_CODE = YES;
				CLANG_WARN__DUPLICATE_METHOD_MATCH = YES;
				COPY_PHASE_STRIP = NO;
				DEBUG_INFORMATION_FORMAT = dwarf;
				ENABLE_STRICT_OBJC_MSGSEND = YES;
				ENABLE_TESTABILITY = YES;
				GCC_C_LANGUAGE_STANDARD = gnu11;
				GCC_DYNAMIC_NO_PIC = NO;
				GCC_NO_COMMON_BLOCKS = YES;
				GCC_OPTIMIZATION_LEVEL = 0;
				GCC_PREPROCESSOR_DEFINITIONS = (
					"DEBUG=1",
					"$(inherited)",
				);
				GCC_WARN_64_TO_32_BIT_CONVERSION = YES;
				GCC_WARN_ABOUT_RETURN_TYPE = YES_ERROR;
				GCC_WARN_UNDECLARED_SELECTOR = YES;
				GCC_WARN_UNINITIALIZED_AUTOS = YES_AGGRESSIVE;
				GCC_WARN_UNUSED_FUNCTION = YES;
				GCC_WARN_UNUSED_VARIABLE = YES;
				MACOSX_DEPLOYMENT_TARGET = 10.15;
				MTL_ENABLE_DEBUG_INFO = INCLUDE_SOURCE;
				MTL_FAST_MATH = YES;
				ONLY_ACTIVE_ARCH = YES;
				SDKROOT = macosx;
				SWIFT_ACTIVE_COMPILATION_CONDITIONS = DEBUG;
				SWIFT_OPTIMIZATION_LEVEL = "-Onone";
			};
			name = Debug;
		};
		8413F8B92589FC1900ADA359 /* Release */ = {
			isa = XCBuildConfiguration;
			buildSettings = {
				ALWAYS_SEARCH_USER_PATHS = NO;
				CLANG_ANALYZER_NONNULL = YES;
				CLANG_ANALYZER_NUMBER_OBJECT_CONVERSION = YES_AGGRESSIVE;
				CLANG_CXX_LANGUAGE_STANDARD = "gnu++14";
				CLANG_CXX_LIBRARY = "libc++";
				CLANG_ENABLE_MODULES = YES;
				CLANG_ENABLE_OBJC_ARC = YES;
				CLANG_ENABLE_OBJC_WEAK = YES;
				CLANG_WARN_BLOCK_CAPTURE_AUTORELEASING = YES;
				CLANG_WARN_BOOL_CONVERSION = YES;
				CLANG_WARN_COMMA = YES;
				CLANG_WARN_CONSTANT_CONVERSION = YES;
				CLANG_WARN_DEPRECATED_OBJC_IMPLEMENTATIONS = YES;
				CLANG_WARN_DIRECT_OBJC_ISA_USAGE = YES_ERROR;
				CLANG_WARN_DOCUMENTATION_COMMENTS = YES;
				CLANG_WARN_EMPTY_BODY = YES;
				CLANG_WARN_ENUM_CONVERSION = YES;
				CLANG_WARN_INFINITE_RECURSION = YES;
				CLANG_WARN_INT_CONVERSION = YES;
				CLANG_WARN_NON_LITERAL_NULL_CONVERSION = YES;
				CLANG_WARN_OBJC_IMPLICIT_RETAIN_SELF = YES;
				CLANG_WARN_OBJC_LITERAL_CONVERSION = YES;
				CLANG_WARN_OBJC_ROOT_CLASS = YES_ERROR;
				CLANG_WARN_QUOTED_INCLUDE_IN_FRAMEWORK_HEADER = YES;
				CLANG_WARN_RANGE_LOOP_ANALYSIS = YES;
				CLANG_WARN_STRICT_PROTOTYPES = YES;
				CLANG_WARN_SUSPICIOUS_MOVE = YES;
				CLANG_WARN_UNGUARDED_AVAILABILITY = YES_AGGRESSIVE;
				CLANG_WARN_UNREACHABLE_CODE = YES;
				CLANG_WARN__DUPLICATE_METHOD_MATCH = YES;
				COPY_PHASE_STRIP = NO;
				DEBUG_INFORMATION_FORMAT = "dwarf-with-dsym";
				ENABLE_NS_ASSERTIONS = NO;
				ENABLE_STRICT_OBJC_MSGSEND = YES;
				GCC_C_LANGUAGE_STANDARD = gnu11;
				GCC_NO_COMMON_BLOCKS = YES;
				GCC_WARN_64_TO_32_BIT_CONVERSION = YES;
				GCC_WARN_ABOUT_RETURN_TYPE = YES_ERROR;
				GCC_WARN_UNDECLARED_SELECTOR = YES;
				GCC_WARN_UNINITIALIZED_AUTOS = YES_AGGRESSIVE;
				GCC_WARN_UNUSED_FUNCTION = YES;
				GCC_WARN_UNUSED_VARIABLE = YES;
				MACOSX_DEPLOYMENT_TARGET = 10.15;
				MTL_ENABLE_DEBUG_INFO = NO;
				MTL_FAST_MATH = YES;
				SDKROOT = macosx;
				SWIFT_COMPILATION_MODE = wholemodule;
				SWIFT_OPTIMIZATION_LEVEL = "-O";
			};
			name = Release;
		};
		8413F8BB2589FC1900ADA359 /* Debug */ = {
			isa = XCBuildConfiguration;
			buildSettings = {
				ASSETCATALOG_COMPILER_APPICON_NAME = AppIcon;
				ASSETCATALOG_COMPILER_GLOBAL_ACCENT_COLOR_NAME = AccentColor;
				CODE_SIGN_ENTITLEMENTS = BrowserDevTest/BrowserDevTest.entitlements;
				CODE_SIGN_IDENTITY = "Apple Development";
				CODE_SIGN_STYLE = Automatic;
				COMBINE_HIDPI_IMAGES = YES;
				DEVELOPMENT_TEAM = 23694G2TT7;
				ENABLE_HARDENED_RUNTIME = YES;
				INFOPLIST_FILE = BrowserDevTest/Info.plist;
				LD_RUNPATH_SEARCH_PATHS = (
					"$(inherited)",
					"@executable_path/../Frameworks",
				);
				PRODUCT_BUNDLE_IDENTIFIER = "ws.any-tech.BrowserDevTest";
				PRODUCT_NAME = "$(TARGET_NAME)";
				PROVISIONING_PROFILE_SPECIFIER = "";
				SWIFT_VERSION = 5.0;
			};
			name = Debug;
		};
		8413F8BC2589FC1900ADA359 /* Release */ = {
			isa = XCBuildConfiguration;
			buildSettings = {
				ASSETCATALOG_COMPILER_APPICON_NAME = AppIcon;
				ASSETCATALOG_COMPILER_GLOBAL_ACCENT_COLOR_NAME = AccentColor;
				CODE_SIGN_ENTITLEMENTS = BrowserDevTest/BrowserDevTest.entitlements;
				CODE_SIGN_IDENTITY = "Apple Development";
				CODE_SIGN_STYLE = Automatic;
				COMBINE_HIDPI_IMAGES = YES;
				DEVELOPMENT_TEAM = 23694G2TT7;
				ENABLE_HARDENED_RUNTIME = YES;
				INFOPLIST_FILE = BrowserDevTest/Info.plist;
				LD_RUNPATH_SEARCH_PATHS = (
					"$(inherited)",
					"@executable_path/../Frameworks",
				);
				PRODUCT_BUNDLE_IDENTIFIER = "ws.any-tech.BrowserDevTest";
				PRODUCT_NAME = "$(TARGET_NAME)";
				PROVISIONING_PROFILE_SPECIFIER = "";
				SWIFT_VERSION = 5.0;
			};
			name = Release;
		};
/* End XCBuildConfiguration section */

/* Begin XCConfigurationList section */
		8413F8A52589FC1800ADA359 /* Build configuration list for PBXProject "BrowserDevTest" */ = {
			isa = XCConfigurationList;
			buildConfigurations = (
				8413F8B82589FC1900ADA359 /* Debug */,
				8413F8B92589FC1900ADA359 /* Release */,
			);
			defaultConfigurationIsVisible = 0;
			defaultConfigurationName = Release;
		};
		8413F8BA2589FC1900ADA359 /* Build configuration list for PBXNativeTarget "BrowserDevTest" */ = {
			isa = XCConfigurationList;
			buildConfigurations = (
				8413F8BB2589FC1900ADA359 /* Debug */,
				8413F8BC2589FC1900ADA359 /* Release */,
			);
			defaultConfigurationIsVisible = 0;
			defaultConfigurationName = Release;
		};
/* End XCConfigurationList section */

/* Begin XCRemoteSwiftPackageReference section */
		8413F8FD258A58FE00ADA359 /* XCRemoteSwiftPackageReference "Zip" */ = {
			isa = XCRemoteSwiftPackageReference;
			repositoryURL = "https://github.com/marmelroy/Zip.git";
			requirement = {
				kind = exactVersion;
				version = 2.1.1;
			};
		};
/* End XCRemoteSwiftPackageReference section */

/* Begin XCSwiftPackageProductDependency section */
		8413F8FE258A58FE00ADA359 /* Zip */ = {
			isa = XCSwiftPackageProductDependency;
			package = 8413F8FD258A58FE00ADA359 /* XCRemoteSwiftPackageReference "Zip" */;
			productName = Zip;
		};
/* End XCSwiftPackageProductDependency section */
	};
	rootObject = 8413F8A22589FC1800ADA359 /* Project object */;
}
